github.com/google/uuid v1.2.0 h1:qJYtXnJRWmpe7m/3XlyhrsLrEURqHRM2kxzoxXqyUDs=
github.com/google/uuid v1.2.0/go.mod h1:TIyPZe4MgqvfeYDBFedMoGGpEw/LqOeaOT+nhxU+yHo=
github.com/gopherd/log v0.1.5 h1:mCUkSsjJnRjvrmF6mh7Rvo+kyS/6VorYYvHrzAfqT6o=
github.com/gopherd/log v0.1.5/go.mod h1:3gfrf1i6YwDhX/UPQtWHZVTcBrhurIVms0kjcLeNXR4=
